
Microsoft Visual Studio Solution File, Format Version 12.00
# Visual Studio 2012
Project("{8BC9CEB8-8B4A-11D0-8D11-00A0C91BC942}") = "WordPaths", "WordPaths\WordPaths.vcxproj", "{D6E4D985-BF67-478C-902F-702B917FEC55}"
EndProject
Project("{8BC9CEB8-8B4A-11D0-8D11-00A0C91BC942}") = "TestWordPaths", "TestWordPaths\TestWordPaths.vcxproj", "{4D3412CF-2AD7-4138-9B50-34463DB62477}"
EndProject
Global
	GlobalSection(SolutionConfigurationPlatforms) = preSolution
		Debug|ARM = Debug|ARM
		Debug|Win32 = Debug|Win32
		Debug|x64 = Debug|x64
		Release|ARM = Release|ARM
		Release|Win32 = Release|Win32
		Release|x64 = Release|x64
	EndGlobalSection
	GlobalSection(ProjectConfigurationPlatforms) = postSolution
		{D6E4D985-BF67-478C-902F-702B917FEC55}.Debug|ARM.ActiveCfg = Debug|ARM
		{D6E4D985-BF67-478C-902F-702B917FEC55}.Debug|ARM.Build.0 = Debug|ARM
		{D6E4D985-BF67-478C-902F-702B917FEC55}.Debug|Win32.ActiveCfg = Release|x64
		{D6E4D985-BF67-478C-902F-702B917FEC55}.Debug|Win32.Build.0 = Release|x64
		{D6E4D985-BF67-478C-902F-702B917FEC55}.Debug|x64.ActiveCfg = Debug|x64
		{D6E4D985-BF67-478C-902F-702B917FEC55}.Debug|x64.Build.0 = Debug|x64
		{D6E4D985-BF67-478C-902F-702B917FEC55}.Release|ARM.ActiveCfg = Release|ARM
		{D6E4D985-BF67-478C-902F-702B917FEC55}.Release|ARM.Build.0 = Release|ARM
		{D6E4D985-BF67-478C-902F-702B917FEC55}.Release|Win32.ActiveCfg = Release|x64
		{D6E4D985-BF67-478C-902F-702B917FEC55}.Release|Win32.Build.0 = Release|x64
		{D6E4D985-BF67-478C-902F-702B917FEC55}.Release|x64.ActiveCfg = Release|x64
		{D6E4D985-BF67-478C-902F-702B917FEC55}.Release|x64.Build.0 = Release|x64
		{4D3412CF-2AD7-4138-9B50-34463DB62477}.Debug|ARM.ActiveCfg = Debug|ARM
		{4D3412CF-2AD7-4138-9B50-34463DB62477}.Debug|ARM.Build.0 = Debug|ARM
		{4D3412CF-2AD7-4138-9B50-34463DB62477}.Debug|Win32.ActiveCfg = Release|Win32
		{4D3412CF-2AD7-4138-9B50-34463DB62477}.Debug|Win32.Build.0 = Release|Win32
		{4D3412CF-2AD7-4138-9B50-34463DB62477}.Debug|x64.ActiveCfg = Debug|x64
		{4D3412CF-2AD7-4138-9B50-34463DB62477}.Debug|x64.Build.0 = Debug|x64
		{4D3412CF-2AD7-4138-9B50-34463DB62477}.Release|ARM.ActiveCfg = Release|ARM
		{4D3412CF-2AD7-4138-9B50-34463DB62477}.Release|ARM.Build.0 = Release|ARM
		{4D3412CF-2AD7-4138-9B50-34463DB62477}.Release|Win32.ActiveCfg = Release|Win32
		{4D3412CF-2AD7-4138-9B50-34463DB62477}.Release|Win32.Build.0 = Release|Win32
		{4D3412CF-2AD7-4138-9B50-34463DB62477}.Release|x64.ActiveCfg = Release|x64
		{4D3412CF-2AD7-4138-9B50-34463DB62477}.Release|x64.Build.0 = Release|x64
	EndGlobalSection
	GlobalSection(SolutionProperties) = preSolution
		HideSolutionNode = FALSE
	EndGlobalSection
EndGlobal
